
Microsoft Visual Studio Solution File, Format Version 11.00
# Visual Studio 2010
Project("{FAE04EC0-301F-11D3-BF4B-00C04F79EFBC}") = "USA_Rent_House_Project", "USA_Rent_House_Project\USA_Rent_House_Project.csproj", "{ECDA5AA5-2249-4B71-803D-91E2E00A4002}"
EndProject
Project("{FAE04EC0-301F-11D3-BF4B-00C04F79EFBC}") = "RHP.Common", "RHP.Common\RHP.Common.csproj", "{E798F0A9-479C-49E1-B4BB-3B5FB047C415}"
EndProject
Project("{FAE04EC0-301F-11D3-BF4B-00C04F79EFBC}") = "RHP.SessionManager", "RHP.SessionManager\RHP.SessionManager.csproj", "{92A5E511-C5D8-4585-B696-081328FB8B79}"
EndProject
Project("{FAE04EC0-301F-11D3-BF4B-00C04F79EFBC}") = "RHP.Utility", "RHP.Utility\RHP.Utility.csproj", "{60191F0E-B553-43B4-A78C-5D0753BC9FFC}"
EndProject
Project("{FAE04EC0-301F-11D3-BF4B-00C04F79EFBC}") = "RHP.Facebook", "RHP.Facebook\RHP.Facebook.csproj", "{20620D31-4E4F-414B-8905-DEAAE11B01FA}"
EndProject
Project("{FAE04EC0-301F-11D3-BF4B-00C04F79EFBC}") = "RHP.UserManagement", "RHP.UserManagement\RHP.UserManagement.csproj", "{4A39103F-E511-48E6-A105-EED0F20F7804}"
EndProject
Project("{FAE04EC0-301F-11D3-BF4B-00C04F79EFBC}") = "RHP.StudentManagement", "RHP.StudentManagement\RHP.StudentManagement.csproj", "{089DBEBC-F335-4308-851D-8BD9EB063346}"
EndProject
Project("{FAE04EC0-301F-11D3-BF4B-00C04F79EFBC}") = "RHP.LandlordManagement", "RHP.LandlordManagement\RHP.LandlordManagement.csproj", "{D6735A86-B99D-4F80-9A47-5C53D91CDFFA}"
EndProject
Project("{FAE04EC0-301F-11D3-BF4B-00C04F79EFBC}") = "RHP.Comments", "RHP.Comments\RHP.Comments.csproj", "{161EC1E4-CC1A-4992-9112-1255B9EECF62}"
EndProject
Global
	GlobalSection(SolutionConfigurationPlatforms) = preSolution
		Debug|Any CPU = Debug|Any CPU
		Release|Any CPU = Release|Any CPU
	EndGlobalSection
	GlobalSection(ProjectConfigurationPlatforms) = postSolution
		{ECDA5AA5-2249-4B71-803D-91E2E00A4002}.Debug|Any CPU.ActiveCfg = Debug|Any CPU
		{ECDA5AA5-2249-4B71-803D-91E2E00A4002}.Debug|Any CPU.Build.0 = Debug|Any CPU
		{ECDA5AA5-2249-4B71-803D-91E2E00A4002}.Release|Any CPU.ActiveCfg = Release|Any CPU
		{ECDA5AA5-2249-4B71-803D-91E2E00A4002}.Release|Any CPU.Build.0 = Release|Any CPU
		{E798F0A9-479C-49E1-B4BB-3B5FB047C415}.Debug|Any CPU.ActiveCfg = Debug|Any CPU
		{E798F0A9-479C-49E1-B4BB-3B5FB047C415}.Debug|Any CPU.Build.0 = Debug|Any CPU
		{E798F0A9-479C-49E1-B4BB-3B5FB047C415}.Release|Any CPU.ActiveCfg = Release|Any CPU
		{E798F0A9-479C-49E1-B4BB-3B5FB047C415}.Release|Any CPU.Build.0 = Release|Any CPU
		{92A5E511-C5D8-4585-B696-081328FB8B79}.Debug|Any CPU.ActiveCfg = Debug|Any CPU
		{92A5E511-C5D8-4585-B696-081328FB8B79}.Debug|Any CPU.Build.0 = Debug|Any CPU
		{92A5E511-C5D8-4585-B696-081328FB8B79}.Release|Any CPU.ActiveCfg = Release|Any CPU
		{92A5E511-C5D8-4585-B696-081328FB8B79}.Release|Any CPU.Build.0 = Release|Any CPU
		{60191F0E-B553-43B4-A78C-5D0753BC9FFC}.Debug|Any CPU.ActiveCfg = Debug|Any CPU
		{60191F0E-B553-43B4-A78C-5D0753BC9FFC}.Debug|Any CPU.Build.0 = Debug|Any CPU
		{60191F0E-B553-43B4-A78C-5D0753BC9FFC}.Release|Any CPU.ActiveCfg = Release|Any CPU
		{60191F0E-B553-43B4-A78C-5D0753BC9FFC}.Release|Any CPU.Build.0 = Release|Any CPU
		{20620D31-4E4F-414B-8905-DEAAE11B01FA}.Debug|Any CPU.ActiveCfg = Debug|Any CPU
		{20620D31-4E4F-414B-8905-DEAAE11B01FA}.Debug|Any CPU.Build.0 = Debug|Any CPU
		{20620D31-4E4F-414B-8905-DEAAE11B01FA}.Release|Any CPU.ActiveCfg = Release|Any CPU
		{20620D31-4E4F-414B-8905-DEAAE11B01FA}.Release|Any CPU.Build.0 = Release|Any CPU
		{4A39103F-E511-48E6-A105-EED0F20F7804}.Debug|Any CPU.ActiveCfg = Debug|Any CPU
		{4A39103F-E511-48E6-A105-EED0F20F7804}.Debug|Any CPU.Build.0 = Debug|Any CPU
		{4A39103F-E511-48E6-A105-EED0F20F7804}.Release|Any CPU.ActiveCfg = Release|Any CPU
		{4A39103F-E511-48E6-A105-EED0F20F7804}.Release|Any CPU.Build.0 = Release|Any CPU
		{089DBEBC-F335-4308-851D-8BD9EB063346}.Debug|Any CPU.ActiveCfg = Debug|Any CPU
		{089DBEBC-F335-4308-851D-8BD9EB063346}.Debug|Any CPU.Build.0 = Debug|Any CPU
		{089DBEBC-F335-4308-851D-8BD9EB063346}.Release|Any CPU.ActiveCfg = Release|Any CPU
		{089DBEBC-F335-4308-851D-8BD9EB063346}.Release|Any CPU.Build.0 = Release|Any CPU
		{D6735A86-B99D-4F80-9A47-5C53D91CDFFA}.Debug|Any CPU.ActiveCfg = Debug|Any CPU
		{D6735A86-B99D-4F80-9A47-5C53D91CDFFA}.Debug|Any CPU.Build.0 = Debug|Any CPU
		{D6735A86-B99D-4F80-9A47-5C53D91CDFFA}.Release|Any CPU.ActiveCfg = Release|Any CPU
		{D6735A86-B99D-4F80-9A47-5C53D91CDFFA}.Release|Any CPU.Build.0 = Release|Any CPU
		{161EC1E4-CC1A-4992-9112-1255B9EECF62}.Debug|Any CPU.ActiveCfg = Debug|Any CPU
		{161EC1E4-CC1A-4992-9112-1255B9EECF62}.Debug|Any CPU.Build.0 = Debug|Any CPU
		{161EC1E4-CC1A-4992-9112-1255B9EECF62}.Release|Any CPU.ActiveCfg = Release|Any CPU
		{161EC1E4-CC1A-4992-9112-1255B9EECF62}.Release|Any CPU.Build.0 = Release|Any CPU
	EndGlobalSection
	GlobalSection(SolutionProperties) = preSolution
		HideSolutionNode = FALSE
	EndGlobalSection
EndGlobal
